
Microsoft Visual Studio Solution File, Format Version 12.00
# Visual Studio 15
VisualStudioVersion = 15.0.28307.136
MinimumVisualStudioVersion = 10.0.40219.1
Project("{FAE04EC0-301F-11D3-BF4B-00C04F79EFBC}") = "FinalProgect", "FinalProgect\FinalProgect.csproj", "{88918DA4-87C5-4805-B6A2-0AD908CCDE73}"
EndProject
Project("{FAE04EC0-301F-11D3-BF4B-00C04F79EFBC}") = "Infrastructure", "Infrastructure\Infrastructure.csproj", "{B00F2CF9-6979-4AAC-AE4C-6A7F57121BC2}"
EndProject
Global
	GlobalSection(SolutionConfigurationPlatforms) = preSolution
		Debug|Any CPU = Debug|Any CPU
		Debug|ARM = Debug|ARM
		Debug|ARM64 = Debug|ARM64
		Debug|x64 = Debug|x64
		Debug|x86 = Debug|x86
		Release|Any CPU = Release|Any CPU
		Release|ARM = Release|ARM
		Release|ARM64 = Release|ARM64
		Release|x64 = Release|x64
		Release|x86 = Release|x86
	EndGlobalSection
	GlobalSection(ProjectConfigurationPlatforms) = postSolution
		{88918DA4-87C5-4805-B6A2-0AD908CCDE73}.Debug|Any CPU.ActiveCfg = Debug|Any CPU
		{88918DA4-87C5-4805-B6A2-0AD908CCDE73}.Debug|Any CPU.Build.0 = Debug|Any CPU
		{88918DA4-87C5-4805-B6A2-0AD908CCDE73}.Debug|ARM.ActiveCfg = Debug|Any CPU
		{88918DA4-87C5-4805-B6A2-0AD908CCDE73}.Debug|ARM.Build.0 = Debug|Any CPU
		{88918DA4-87C5-4805-B6A2-0AD908CCDE73}.Debug|ARM64.ActiveCfg = Debug|Any CPU
		{88918DA4-87C5-4805-B6A2-0AD908CCDE73}.Debug|ARM64.Build.0 = Debug|Any CPU
		{88918DA4-87C5-4805-B6A2-0AD908CCDE73}.Debug|x64.ActiveCfg = Debug|Any CPU
		{88918DA4-87C5-4805-B6A2-0AD908CCDE73}.Debug|x64.Build.0 = Debug|Any CPU
		{88918DA4-87C5-4805-B6A2-0AD908CCDE73}.Debug|x86.ActiveCfg = Debug|Any CPU
		{88918DA4-87C5-4805-B6A2-0AD908CCDE73}.Debug|x86.Build.0 = Debug|Any CPU
		{88918DA4-87C5-4805-B6A2-0AD908CCDE73}.Release|Any CPU.ActiveCfg = Release|Any CPU
		{88918DA4-87C5-4805-B6A2-0AD908CCDE73}.Release|Any CPU.Build.0 = Release|Any CPU
		{88918DA4-87C5-4805-B6A2-0AD908CCDE73}.Release|ARM.ActiveCfg = Release|Any CPU
		{88918DA4-87C5-4805-B6A2-0AD908CCDE73}.Release|ARM.Build.0 = Release|Any CPU
		{88918DA4-87C5-4805-B6A2-0AD908CCDE73}.Release|ARM64.ActiveCfg = Release|Any CPU
		{88918DA4-87C5-4805-B6A2-0AD908CCDE73}.Release|ARM64.Build.0 = Release|Any CPU
		{88918DA4-87C5-4805-B6A2-0AD908CCDE73}.Release|x64.ActiveCfg = Release|Any CPU
		{88918DA4-87C5-4805-B6A2-0AD908CCDE73}.Release|x64.Build.0 = Release|Any CPU
		{88918DA4-87C5-4805-B6A2-0AD908CCDE73}.Release|x86.ActiveCfg = Release|Any CPU
		{88918DA4-87C5-4805-B6A2-0AD908CCDE73}.Release|x86.Build.0 = Release|Any CPU
		{B00F2CF9-6979-4AAC-AE4C-6A7F57121BC2}.Debug|Any CPU.ActiveCfg = Debug|Any CPU
		{B00F2CF9-6979-4AAC-AE4C-6A7F57121BC2}.Debug|Any CPU.Build.0 = Debug|Any CPU
		{B00F2CF9-6979-4AAC-AE4C-6A7F57121BC2}.Debug|ARM.ActiveCfg = Debug|Any CPU
		{B00F2CF9-6979-4AAC-AE4C-6A7F57121BC2}.Debug|ARM.Build.0 = Debug|Any CPU
		{B00F2CF9-6979-4AAC-AE4C-6A7F57121BC2}.Debug|ARM64.ActiveCfg = Debug|Any CPU
		{B00F2CF9-6979-4AAC-AE4C-6A7F57121BC2}.Debug|ARM64.Build.0 = Debug|Any CPU
		{B00F2CF9-6979-4AAC-AE4C-6A7F57121BC2}.Debug|x64.ActiveCfg = Debug|Any CPU
		{B00F2CF9-6979-4AAC-AE4C-6A7F57121BC2}.Debug|x64.Build.0 = Debug|Any CPU
		{B00F2CF9-6979-4AAC-AE4C-6A7F57121BC2}.Debug|x86.ActiveCfg = Debug|Any CPU
		{B00F2CF9-6979-4AAC-AE4C-6A7F57121BC2}.Debug|x86.Build.0 = Debug|Any CPU
		{B00F2CF9-6979-4AAC-AE4C-6A7F57121BC2}.Release|Any CPU.ActiveCfg = Release|Any CPU
		{B00F2CF9-6979-4AAC-AE4C-6A7F57121BC2}.Release|Any CPU.Build.0 = Release|Any CPU
		{B00F2CF9-6979-4AAC-AE4C-6A7F57121BC2}.Release|ARM.ActiveCfg = Release|Any CPU
		{B00F2CF9-6979-4AAC-AE4C-6A7F57121BC2}.Release|ARM.Build.0 = Release|Any CPU
		{B00F2CF9-6979-4AAC-AE4C-6A7F57121BC2}.Release|ARM64.ActiveCfg = Release|Any CPU
		{B00F2CF9-6979-4AAC-AE4C-6A7F57121BC2}.Release|ARM64.Build.0 = Release|Any CPU
		{B00F2CF9-6979-4AAC-AE4C-6A7F57121BC2}.Release|x64.ActiveCfg = Release|Any CPU
		{B00F2CF9-6979-4AAC-AE4C-6A7F57121BC2}.Release|x64.Build.0 = Release|Any CPU
		{B00F2CF9-6979-4AAC-AE4C-6A7F57121BC2}.Release|x86.ActiveCfg = Release|Any CPU
		{B00F2CF9-6979-4AAC-AE4C-6A7F57121BC2}.Release|x86.Build.0 = Release|Any CPU
	EndGlobalSection
	GlobalSection(SolutionProperties) = preSolution
		HideSolutionNode = FALSE
	EndGlobalSection
	GlobalSection(ExtensibilityGlobals) = postSolution
		SolutionGuid = {B91ECDEA-C094-479F-BEDE-D27D42D2F194}
	EndGlobalSection
EndGlobal
